
Microsoft Visual Studio Solution File, Format Version 12.00
Project("{FAE04EC0-301F-11D3-BF4B-00C04F79EFBC}") = "ARL", "ARL\ARL.csproj", "{9D8580D4-1D4A-4491-BB2C-3BA2D0BA3354}"
EndProject
Project("{2150E333-8FDC-42A3-9474-1A3956D46DE8}") = "Tests", "Tests", "{8879568B-9398-43B3-AB3D-38F12F406939}"
EndProject
Project("{FAE04EC0-301F-11D3-BF4B-00C04F79EFBC}") = "UpgradeTest", "Tests\UpgradeTest\UpgradeTest.csproj", "{BF45540B-B5F7-46E8-86C8-69A7761E54E4}"
EndProject
Global
	GlobalSection(SolutionConfigurationPlatforms) = preSolution
		Debug|Any CPU = Debug|Any CPU
		Debug|x64 = Debug|x64
		Debug|x86 = Debug|x86
		Release|Any CPU = Release|Any CPU
		Release|x64 = Release|x64
		Release|x86 = Release|x86
	EndGlobalSection
	GlobalSection(ProjectConfigurationPlatforms) = postSolution
		{9D8580D4-1D4A-4491-BB2C-3BA2D0BA3354}.Debug|Any CPU.ActiveCfg = Debug|Any CPU
		{9D8580D4-1D4A-4491-BB2C-3BA2D0BA3354}.Debug|Any CPU.Build.0 = Debug|Any CPU
		{9D8580D4-1D4A-4491-BB2C-3BA2D0BA3354}.Debug|x64.ActiveCfg = Debug|Any CPU
		{9D8580D4-1D4A-4491-BB2C-3BA2D0BA3354}.Debug|x64.Build.0 = Debug|Any CPU
		{9D8580D4-1D4A-4491-BB2C-3BA2D0BA3354}.Debug|x86.ActiveCfg = Debug|Any CPU
		{9D8580D4-1D4A-4491-BB2C-3BA2D0BA3354}.Debug|x86.Build.0 = Debug|Any CPU
		{9D8580D4-1D4A-4491-BB2C-3BA2D0BA3354}.Release|Any CPU.ActiveCfg = Release|Any CPU
		{9D8580D4-1D4A-4491-BB2C-3BA2D0BA3354}.Release|Any CPU.Build.0 = Release|Any CPU
		{9D8580D4-1D4A-4491-BB2C-3BA2D0BA3354}.Release|x64.ActiveCfg = Release|Any CPU
		{9D8580D4-1D4A-4491-BB2C-3BA2D0BA3354}.Release|x64.Build.0 = Release|Any CPU
		{9D8580D4-1D4A-4491-BB2C-3BA2D0BA3354}.Release|x86.ActiveCfg = Release|Any CPU
		{9D8580D4-1D4A-4491-BB2C-3BA2D0BA3354}.Release|x86.Build.0 = Release|Any CPU
		{BF45540B-B5F7-46E8-86C8-69A7761E54E4}.Debug|Any CPU.ActiveCfg = Debug|Any CPU
		{BF45540B-B5F7-46E8-86C8-69A7761E54E4}.Debug|Any CPU.Build.0 = Debug|Any CPU
		{BF45540B-B5F7-46E8-86C8-69A7761E54E4}.Debug|x64.ActiveCfg = Debug|Any CPU
		{BF45540B-B5F7-46E8-86C8-69A7761E54E4}.Debug|x64.Build.0 = Debug|Any CPU
		{BF45540B-B5F7-46E8-86C8-69A7761E54E4}.Debug|x86.ActiveCfg = Debug|Any CPU
		{BF45540B-B5F7-46E8-86C8-69A7761E54E4}.Debug|x86.Build.0 = Debug|Any CPU
		{BF45540B-B5F7-46E8-86C8-69A7761E54E4}.Release|Any CPU.ActiveCfg = Release|Any CPU
		{BF45540B-B5F7-46E8-86C8-69A7761E54E4}.Release|Any CPU.Build.0 = Release|Any CPU
		{BF45540B-B5F7-46E8-86C8-69A7761E54E4}.Release|x64.ActiveCfg = Release|Any CPU
		{BF45540B-B5F7-46E8-86C8-69A7761E54E4}.Release|x64.Build.0 = Release|Any CPU
		{BF45540B-B5F7-46E8-86C8-69A7761E54E4}.Release|x86.ActiveCfg = Release|Any CPU
		{BF45540B-B5F7-46E8-86C8-69A7761E54E4}.Release|x86.Build.0 = Release|Any CPU
	EndGlobalSection
	GlobalSection(SolutionProperties) = preSolution
		HideSolutionNode = FALSE
	EndGlobalSection
	GlobalSection(NestedProjects) = preSolution
		{BF45540B-B5F7-46E8-86C8-69A7761E54E4} = {8879568B-9398-43B3-AB3D-38F12F406939}
	EndGlobalSection
EndGlobal
